
Microsoft Visual Studio Solution File, Format Version 12.00
# Visual Studio Version 16
VisualStudioVersion = 16.0.30104.148
MinimumVisualStudioVersion = 10.0.40219.1
Project("{FAE04EC0-301F-11D3-BF4B-00C04F79EFBC}") = "Bdaya.ERP.TestActors", "Bdaya.ERP.TestActors\Bdaya.ERP.TestActors.csproj", "{EF337AF7-8907-438B-A011-A0127135C2E4}"
EndProject
Global
	GlobalSection(SolutionConfigurationPlatforms) = preSolution
		Debug|Any CPU = Debug|Any CPU
		Release|Any CPU = Release|Any CPU
	EndGlobalSection
	GlobalSection(ProjectConfigurationPlatforms) = postSolution
		{EF337AF7-8907-438B-A011-A0127135C2E4}.Debug|Any CPU.ActiveCfg = Debug|Any CPU
		{EF337AF7-8907-438B-A011-A0127135C2E4}.Debug|Any CPU.Build.0 = Debug|Any CPU
		{EF337AF7-8907-438B-A011-A0127135C2E4}.Release|Any CPU.ActiveCfg = Release|Any CPU
		{EF337AF7-8907-438B-A011-A0127135C2E4}.Release|Any CPU.Build.0 = Release|Any CPU
	EndGlobalSection
	GlobalSection(SolutionProperties) = preSolution
		HideSolutionNode = FALSE
	EndGlobalSection
	GlobalSection(ExtensibilityGlobals) = postSolution
		SolutionGuid = {F68B7927-2B20-463C-9C68-58B150F588C7}
	EndGlobalSection
EndGlobal
